
Microsoft Visual Studio Solution File, Format Version 12.00
# Visual Studio 15
VisualStudioVersion = 15.0.28307.757
MinimumVisualStudioVersion = 10.0.40219.1
Project("{FAE04EC0-301F-11D3-BF4B-00C04F79EFBC}") = "AppendPath(CSharp)", "AppendPath(CSharp)\AppendPath(CSharp).csproj", "{9802BC33-364F-4AF1-BAB0-1E53EB653D55}"
EndProject
Global
	GlobalSection(SolutionConfigurationPlatforms) = preSolution
		Debug|Any CPU = Debug|Any CPU
		Release|Any CPU = Release|Any CPU
	EndGlobalSection
	GlobalSection(ProjectConfigurationPlatforms) = postSolution
		{9802BC33-364F-4AF1-BAB0-1E53EB653D55}.Debug|Any CPU.ActiveCfg = Debug|Any CPU
		{9802BC33-364F-4AF1-BAB0-1E53EB653D55}.Debug|Any CPU.Build.0 = Debug|Any CPU
		{9802BC33-364F-4AF1-BAB0-1E53EB653D55}.Release|Any CPU.ActiveCfg = Release|Any CPU
		{9802BC33-364F-4AF1-BAB0-1E53EB653D55}.Release|Any CPU.Build.0 = Release|Any CPU
	EndGlobalSection
	GlobalSection(SolutionProperties) = preSolution
		HideSolutionNode = FALSE
	EndGlobalSection
	GlobalSection(ExtensibilityGlobals) = postSolution
		SolutionGuid = {F6586461-F0DF-4947-AC20-8395BDDD3630}
	EndGlobalSection
EndGlobal
